// !$*UTF8*$!
{
	archiveVersion = 1;
	classes = {
	};
	objectVersion = 50;
	objects = {

/* Begin PBXBuildFile section */
		2691C5E526D16B4700A9F4D2 /* PizzaClassifierApp.swift in Sources */ = {isa = PBXBuildFile; fileRef = 2691C5E426D16B4700A9F4D2 /* PizzaClassifierApp.swift */; };
		2691C5E726D16B4700A9F4D2 /* ContentView.swift in Sources */ = {isa = PBXBuildFile; fileRef = 2691C5E626D16B4700A9F4D2 /* ContentView.swift */; };
		2691C5E926D16B4700A9F4D2 /* Assets.xcassets in Resources */ = {isa = PBXBuildFile; fileRef = 2691C5E826D16B4700A9F4D2 /* Assets.xcassets */; };
		2691C5EC26D16B4700A9F4D2 /* Preview Assets.xcassets in Resources */ = {isa = PBXBuildFile; fileRef = 2691C5EB26D16B4700A9F4D2 /* Preview Assets.xcassets */; };
		2691C5F726D16B4700A9F4D2 /* PizzaClassifierTests.swift in Sources */ = {isa = PBXBuildFile; fileRef = 2691C5F626D16B4700A9F4D2 /* PizzaClassifierTests.swift */; };
		2691C60226D16B4700A9F4D2 /* PizzaClassifierUITests.swift in Sources */ = {isa = PBXBuildFile; fileRef = 2691C60126D16B4700A9F4D2 /* PizzaClassifierUITests.swift */; };
		26E49F0726D1748600F09A8A /* PizzaClassifier.mlmodel in Sources */ = {isa = PBXBuildFile; fileRef = 26E49F0626D1748600F09A8A /* PizzaClassifier.mlmodel */; };
		26E49F0926D174E200F09A8A /* ImagePicker.swift in Sources */ = {isa = PBXBuildFile; fileRef = 26E49F0826D174E200F09A8A /* ImagePicker.swift */; };
		26E49F0B26D1757700F09A8A /* ContentViewModel.swift in Sources */ = {isa = PBXBuildFile; fileRef = 26E49F0A26D1757700F09A8A /* ContentViewModel.swift */; };
/* End PBXBuildFile section */

/* Begin PBXContainerItemProxy section */
		2691C5F326D16B4700A9F4D2 /* PBXContainerItemProxy */ = {
			isa = PBXContainerItemProxy;
			containerPortal = 2691C5D926D16B4700A9F4D2 /* Project object */;
			proxyType = 1;
			remoteGlobalIDString = 2691C5E026D16B4700A9F4D2;
			remoteInfo = PizzaClassifier;
		};
		2691C5FE26D16B4700A9F4D2 /* PBXContainerItemProxy */ = {
			isa = PBXContainerItemProxy;
			containerPortal = 2691C5D926D16B4700A9F4D2 /* Project object */;
			proxyType = 1;
			remoteGlobalIDString = 2691C5E026D16B4700A9F4D2;
			remoteInfo = PizzaClassifier;
		};
/* End PBXContainerItemProxy section */

/* Begin PBXFileReference section */
		2691C5E126D16B4700A9F4D2 /* PizzaClassifier.app */ = {isa = PBXFileReference; explicitFileType = wrapper.application; includeInIndex = 0; path = PizzaClassifier.app; sourceTree = BUILT_PRODUCTS_DIR; };
		2691C5E426D16B4700A9F4D2 /* PizzaClassifierApp.swift */ = {isa = PBXFileReference; lastKnownFileType = sourcecode.swift; path = PizzaClassifierApp.swift; sourceTree = "<group>"; };
		2691C5E626D16B4700A9F4D2 /* ContentView.swift */ = {isa = PBXFileReference; lastKnownFileType = sourcecode.swift; path = ContentView.swift; sourceTree = "<group>"; };
		2691C5E826D16B4700A9F4D2 /* Assets.xcassets */ = {isa = PBXFileReference; lastKnownFileType = folder.assetcatalog; path = Assets.xcassets; sourceTree = "<group>"; };
		2691C5EB26D16B4700A9F4D2 /* Preview Assets.xcassets */ = {isa = PBXFileReference; lastKnownFileType = folder.assetcatalog; path = "Preview Assets.xcassets"; sourceTree = "<group>"; };
		2691C5ED26D16B4700A9F4D2 /* Info.plist */ = {isa = PBXFileReference; lastKnownFileType = text.plist.xml; path = Info.plist; sourceTree = "<group>"; };
		2691C5F226D16B4700A9F4D2 /* PizzaClassifierTests.xctest */ = {isa = PBXFileReference; explicitFileType = wrapper.cfbundle; includeInIndex = 0; path = PizzaClassifierTests.xctest; sourceTree = BUILT_PRODUCTS_DIR; };
		2691C5F626D16B4700A9F4D2 /* PizzaClassifierTests.swift */ = {isa = PBXFileReference; lastKnownFileType = sourcecode.swift; path = PizzaClassifierTests.swift; sourceTree = "<group>"; };
		2691C5F826D16B4700A9F4D2 /* Info.plist */ = {isa = PBXFileReference; lastKnownFileType = text.plist.xml; path = Info.plist; sourceTree = "<group>"; };
		2691C5FD26D16B4700A9F4D2 /* PizzaClassifierUITests.xctest */ = {isa = PBXFileReference; explicitFileType = wrapper.cfbundle; includeInIndex = 0; path = PizzaClassifierUITests.xctest; sourceTree = BUILT_PRODUCTS_DIR; };
		2691C60126D16B4700A9F4D2 /* PizzaClassifierUITests.swift */ = {isa = PBXFileReference; lastKnownFileType = sourcecode.swift; path = PizzaClassifierUITests.swift; sourceTree = "<group>"; };
		2691C60326D16B4700A9F4D2 /* Info.plist */ = {isa = PBXFileReference; lastKnownFileType = text.plist.xml; path = Info.plist; sourceTree = "<group>"; };
		26E49F0626D1748600F09A8A /* PizzaClassifier.mlmodel */ = {isa = PBXFileReference; lastKnownFileType = file.mlmodel; path = PizzaClassifier.mlmodel; sourceTree = SOURCE_ROOT; };
		26E49F0826D174E200F09A8A /* ImagePicker.swift */ = {isa = PBXFileReference; lastKnownFileType = sourcecode.swift; path = ImagePicker.swift; sourceTree = "<group>"; };
		26E49F0A26D1757700F09A8A /* ContentViewModel.swift */ = {isa = PBXFileReference; lastKnownFileType = sourcecode.swift; path = ContentViewModel.swift; sourceTree = "<group>"; };
/* End PBXFileReference section */

/* Begin PBXFrameworksBuildPhase section */
		2691C5DE26D16B4700A9F4D2 /* Frameworks */ = {
			isa = PBXFrameworksBuildPhase;
			buildActionMask = 2147483647;
			files = (
			);
			runOnlyForDeploymentPostprocessing = 0;
		};
		2691C5EF26D16B4700A9F4D2 /* Frameworks */ = {
			isa = PBXFrameworksBuildPhase;
			buildActionMask = 2147483647;
			files = (
			);
			runOnlyForDeploymentPostprocessing = 0;
		};
		2691C5FA26D16B4700A9F4D2 /* Frameworks */ = {
			isa = PBXFrameworksBuildPhase;
			buildActionMask = 2147483647;
			files = (
			);
			runOnlyForDeploymentPostprocessing = 0;
		};
/* End PBXFrameworksBuildPhase section */

/* Begin PBXGroup section */
		2691C5D826D16B4700A9F4D2 = {
			isa = PBXGroup;
			children = (
				2691C5E326D16B4700A9F4D2 /* PizzaClassifier */,
				2691C5F526D16B4700A9F4D2 /* PizzaClassifierTests */,
				2691C60026D16B4700A9F4D2 /* PizzaClassifierUITests */,
				2691C5E226D16B4700A9F4D2 /* Products */,
			);
			sourceTree = "<group>";
		};
		2691C5E226D16B4700A9F4D2 /* Products */ = {
			isa = PBXGroup;
			children = (
				2691C5E126D16B4700A9F4D2 /* PizzaClassifier.app */,
				2691C5F226D16B4700A9F4D2 /* PizzaClassifierTests.xctest */,
				2691C5FD26D16B4700A9F4D2 /* PizzaClassifierUITests.xctest */,
			);
			name = Products;
			sourceTree = "<group>";
		};
		2691C5E326D16B4700A9F4D2 /* PizzaClassifier */ = {
			isa = PBXGroup;
			children = (
				2691C5E426D16B4700A9F4D2 /* PizzaClassifierApp.swift */,
				2691C5E626D16B4700A9F4D2 /* ContentView.swift */,
				2691C5E826D16B4700A9F4D2 /* Assets.xcassets */,
				2691C5ED26D16B4700A9F4D2 /* Info.plist */,
				26E49F0626D1748600F09A8A /* PizzaClassifier.mlmodel */,
				2691C5EA26D16B4700A9F4D2 /* Preview Content */,
				26E49F0826D174E200F09A8A /* ImagePicker.swift */,
				26E49F0A26D1757700F09A8A /* ContentViewModel.swift */,
			);
			path = PizzaClassifier;
			sourceTree = "<group>";
		};
		2691C5EA26D16B4700A9F4D2 /* Preview Content */ = {
			isa = PBXGroup;
			children = (
				2691C5EB26D16B4700A9F4D2 /* Preview Assets.xcassets */,
			);
			path = "Preview Content";
			sourceTree = "<group>";
		};
		2691C5F526D16B4700A9F4D2 /* PizzaClassifierTests */ = {
			isa = PBXGroup;
			children = (
				2691C5F626D16B4700A9F4D2 /* PizzaClassifierTests.swift */,
				2691C5F826D16B4700A9F4D2 /* Info.plist */,
			);
			path = PizzaClassifierTests;
			sourceTree = "<group>";
		};
		2691C60026D16B4700A9F4D2 /* PizzaClassifierUITests */ = {
			isa = PBXGroup;
			children = (
				2691C60126D16B4700A9F4D2 /* PizzaClassifierUITests.swift */,
				2691C60326D16B4700A9F4D2 /* Info.plist */,
			);
			path = PizzaClassifierUITests;
			sourceTree = "<group>";
		};
/* End PBXGroup section */

/* Begin PBXNativeTarget section */
		2691C5E026D16B4700A9F4D2 /* PizzaClassifier */ = {
			isa = PBXNativeTarget;
			buildConfigurationList = 2691C60626D16B4700A9F4D2 /* Build configuration list for PBXNativeTarget "PizzaClassifier" */;
			buildPhases = (
				2691C5DD26D16B4700A9F4D2 /* Sources */,
				2691C5DE26D16B4700A9F4D2 /* Frameworks */,
				2691C5DF26D16B4700A9F4D2 /* Resources */,
			);
			buildRules = (
			);
			dependencies = (
			);
			name = PizzaClassifier;
			productName = PizzaClassifier;
			productReference = 2691C5E126D16B4700A9F4D2 /* PizzaClassifier.app */;
			productType = "com.apple.product-type.application";
		};
		2691C5F126D16B4700A9F4D2 /* PizzaClassifierTests */ = {
			isa = PBXNativeTarget;
			buildConfigurationList = 2691C60926D16B4700A9F4D2 /* Build configuration list for PBXNativeTarget "PizzaClassifierTests" */;
			buildPhases = (
				2691C5EE26D16B4700A9F4D2 /* Sources */,
				2691C5EF26D16B4700A9F4D2 /* Frameworks */,
				2691C5F026D16B4700A9F4D2 /* Resources */,
			);
			buildRules = (
			);
			dependencies = (
				2691C5F426D16B4700A9F4D2 /* PBXTargetDependency */,
			);
			name = PizzaClassifierTests;
			productName = PizzaClassifierTests;
			productReference = 2691C5F226D16B4700A9F4D2 /* PizzaClassifierTests.xctest */;
			productType = "com.apple.product-type.bundle.unit-test";
		};
		2691C5FC26D16B4700A9F4D2 /* PizzaClassifierUITests */ = {
			isa = PBXNativeTarget;
			buildConfigurationList = 2691C60C26D16B4700A9F4D2 /* Build configuration list for PBXNativeTarget "PizzaClassifierUITests" */;
			buildPhases = (
				2691C5F926D16B4700A9F4D2 /* Sources */,
				2691C5FA26D16B4700A9F4D2 /* Frameworks */,
				2691C5FB26D16B4700A9F4D2 /* Resources */,
			);
			buildRules = (
			);
			dependencies = (
				2691C5FF26D16B4700A9F4D2 /* PBXTargetDependency */,
			);
			name = PizzaClassifierUITests;
			productName = PizzaClassifierUITests;
			productReference = 2691C5FD26D16B4700A9F4D2 /* PizzaClassifierUITests.xctest */;
			productType = "com.apple.product-type.bundle.ui-testing";
		};
/* End PBXNativeTarget section */

/* Begin PBXProject section */
		2691C5D926D16B4700A9F4D2 /* Project object */ = {
			isa = PBXProject;
			attributes = {
				LastSwiftUpdateCheck = 1250;
				LastUpgradeCheck = 1250;
				TargetAttributes = {
					2691C5E026D16B4700A9F4D2 = {
						CreatedOnToolsVersion = 12.5;
					};
					2691C5F126D16B4700A9F4D2 = {
						CreatedOnToolsVersion = 12.5;
						TestTargetID = 2691C5E026D16B4700A9F4D2;
					};
					2691C5FC26D16B4700A9F4D2 = {
						CreatedOnToolsVersion = 12.5;
						TestTargetID = 2691C5E026D16B4700A9F4D2;
					};
				};
			};
			buildConfigurationList = 2691C5DC26D16B4700A9F4D2 /* Build configuration list for PBXProject "PizzaClassifier" */;
			compatibilityVersion = "Xcode 9.3";
			developmentRegion = en;
			hasScannedForEncodings = 0;
			knownRegions = (
				en,
				Base,
			);
			mainGroup = 2691C5D826D16B4700A9F4D2;
			productRefGroup = 2691C5E226D16B4700A9F4D2 /* Products */;
			projectDirPath = "";
			projectRoot = "";
			targets = (
				2691C5E026D16B4700A9F4D2 /* PizzaClassifier */,
				2691C5F126D16B4700A9F4D2 /* PizzaClassifierTests */,
				2691C5FC26D16B4700A9F4D2 /* PizzaClassifierUITests */,
			);
		};
/* End PBXProject section */

/* Begin PBXResourcesBuildPhase section */
		2691C5DF26D16B4700A9F4D2 /* Resources */ = {
			isa = PBXResourcesBuildPhase;
			buildActionMask = 2147483647;
			files = (
				2691C5EC26D16B4700A9F4D2 /* Preview Assets.xcassets in Resources */,
				2691C5E926D16B4700A9F4D2 /* Assets.xcassets in Resources */,
			);
			runOnlyForDeploymentPostprocessing = 0;
		};
		2691C5F026D16B4700A9F4D2 /* Resources */ = {
			isa = PBXResourcesBuildPhase;
			buildActionMask = 2147483647;
			files = (
			);
			runOnlyForDeploymentPostprocessing = 0;
		};
		2691C5FB26D16B4700A9F4D2 /* Resources */ = {
			isa = PBXResourcesBuildPhase;
			buildActionMask = 2147483647;
			files = (
			);
			runOnlyForDeploymentPostprocessing = 0;
		};
/* End PBXResourcesBuildPhase section */

/* Begin PBXSourcesBuildPhase section */
		2691C5DD26D16B4700A9F4D2 /* Sources */ = {
			isa = PBXSourcesBuildPhase;
			buildActionMask = 2147483647;
			files = (
				2691C5E726D16B4700A9F4D2 /* ContentView.swift in Sources */,
				26E49F0926D174E200F09A8A /* ImagePicker.swift in Sources */,
				2691C5E526D16B4700A9F4D2 /* PizzaClassifierApp.swift in Sources */,
				26E49F0726D1748600F09A8A /* PizzaClassifier.mlmodel in Sources */,
				26E49F0B26D1757700F09A8A /* ContentViewModel.swift in Sources */,
			);
			runOnlyForDeploymentPostprocessing = 0;
		};
		2691C5EE26D16B4700A9F4D2 /* Sources */ = {
			isa = PBXSourcesBuildPhase;
			buildActionMask = 2147483647;
			files = (
				2691C5F726D16B4700A9F4D2 /* PizzaClassifierTests.swift in Sources */,
			);
			runOnlyForDeploymentPostprocessing = 0;
		};
		2691C5F926D16B4700A9F4D2 /* Sources */ = {
			isa = PBXSourcesBuildPhase;
			buildActionMask = 2147483647;
			files = (
				2691C60226D16B4700A9F4D2 /* PizzaClassifierUITests.swift in Sources */,
			);
			runOnlyForDeploymentPostprocessing = 0;
		};
/* End PBXSourcesBuildPhase section */

/* Begin PBXTargetDependency section */
		2691C5F426D16B4700A9F4D2 /* PBXTargetDependency */ = {
			isa = PBXTargetDependency;
			target = 2691C5E026D16B4700A9F4D2 /* PizzaClassifier */;
			targetProxy = 2691C5F326D16B4700A9F4D2 /* PBXContainerItemProxy */;
		};
		2691C5FF26D16B4700A9F4D2 /* PBXTargetDependency */ = {
			isa = PBXTargetDependency;
			target = 2691C5E026D16B4700A9F4D2 /* PizzaClassifier */;
			targetProxy = 2691C5FE26D16B4700A9F4D2 /* PBXContainerItemProxy */;
		};
/* End PBXTargetDependency section */

/* Begin XCBuildConfiguration section */
		2691C60426D16B4700A9F4D2 /* Debug */ = {
			isa = XCBuildConfiguration;
			buildSettings = {
				ALWAYS_SEARCH_USER_PATHS = NO;
				CLANG_ANALYZER_NONNULL = YES;
				CLANG_ANALYZER_NUMBER_OBJECT_CONVERSION = YES_AGGRESSIVE;
				CLANG_CXX_LANGUAGE_STANDARD = "gnu++14";
				CLANG_CXX_LIBRARY = "libc++";
				CLANG_ENABLE_MODULES = YES;
				CLANG_ENABLE_OBJC_ARC = YES;
				CLANG_ENABLE_OBJC_WEAK = YES;
				CLANG_WARN_BLOCK_CAPTURE_AUTORELEASING = YES;
				CLANG_WARN_BOOL_CONVERSION = YES;
				CLANG_WARN_COMMA = YES;
				CLANG_WARN_CONSTANT_CONVERSION = YES;
				CLANG_WARN_DEPRECATED_OBJC_IMPLEMENTATIONS = YES;
				CLANG_WARN_DIRECT_OBJC_ISA_USAGE = YES_ERROR;
				CLANG_WARN_DOCUMENTATION_COMMENTS = YES;
				CLANG_WARN_EMPTY_BODY = YES;
				CLANG_WARN_ENUM_CONVERSION = YES;
				CLANG_WARN_INFINITE_RECURSION = YES;
				CLANG_WARN_INT_CONVERSION = YES;
				CLANG_WARN_NON_LITERAL_NULL_CONVERSION = YES;
				CLANG_WARN_OBJC_IMPLICIT_RETAIN_SELF = YES;
				CLANG_WARN_OBJC_LITERAL_CONVERSION = YES;
				CLANG_WARN_OBJC_ROOT_CLASS = YES_ERROR;
				CLANG_WARN_QUOTED_INCLUDE_IN_FRAMEWORK_HEADER = YES;
				CLANG_WARN_RANGE_LOOP_ANALYSIS = YES;
				CLANG_WARN_STRICT_PROTOTYPES = YES;
				CLANG_WARN_SUSPICIOUS_MOVE = YES;
				CLANG_WARN_UNGUARDED_AVAILABILITY = YES_AGGRESSIVE;
				CLANG_WARN_UNREACHABLE_CODE = YES;
				CLANG_WARN__DUPLICATE_METHOD_MATCH = YES;
				COPY_PHASE_STRIP = NO;
				DEBUG_INFORMATION_FORMAT = dwarf;
				ENABLE_STRICT_OBJC_MSGSEND = YES;
				ENABLE_TESTABILITY = YES;
				GCC_C_LANGUAGE_STANDARD = gnu11;
				GCC_DYNAMIC_NO_PIC = NO;
				GCC_NO_COMMON_BLOCKS = YES;
				GCC_OPTIMIZATION_LEVEL = 0;
				GCC_PREPROCESSOR_DEFINITIONS = (
					"DEBUG=1",
					"$(inherited)",
				);
				GCC_WARN_64_TO_32_BIT_CONVERSION = YES;
				GCC_WARN_ABOUT_RETURN_TYPE = YES_ERROR;
				GCC_WARN_UNDECLARED_SELECTOR = YES;
				GCC_WARN_UNINITIALIZED_AUTOS = YES_AGGRESSIVE;
				GCC_WARN_UNUSED_FUNCTION = YES;
				GCC_WARN_UNUSED_VARIABLE = YES;
				IPHONEOS_DEPLOYMENT_TARGET = 14.5;
				MTL_ENABLE_DEBUG_INFO = INCLUDE_SOURCE;
				MTL_FAST_MATH = YES;
				ONLY_ACTIVE_ARCH = YES;
				SDKROOT = iphoneos;
				SWIFT_ACTIVE_COMPILATION_CONDITIONS = DEBUG;
				SWIFT_OPTIMIZATION_LEVEL = "-Onone";
			};
			name = Debug;
		};
		2691C60526D16B4700A9F4D2 /* Release */ = {
			isa = XCBuildConfiguration;
			buildSettings = {
				ALWAYS_SEARCH_USER_PATHS = NO;
				CLANG_ANALYZER_NONNULL = YES;
				CLANG_ANALYZER_NUMBER_OBJECT_CONVERSION = YES_AGGRESSIVE;
				CLANG_CXX_LANGUAGE_STANDARD = "gnu++14";
				CLANG_CXX_LIBRARY = "libc++";
				CLANG_ENABLE_MODULES = YES;
				CLANG_ENABLE_OBJC_ARC = YES;
				CLANG_ENABLE_OBJC_WEAK = YES;
				CLANG_WARN_BLOCK_CAPTURE_AUTORELEASING = YES;
				CLANG_WARN_BOOL_CONVERSION = YES;
				CLANG_WARN_COMMA = YES;
				CLANG_WARN_CONSTANT_CONVERSION = YES;
				CLANG_WARN_DEPRECATED_OBJC_IMPLEMENTATIONS = YES;
				CLANG_WARN_DIRECT_OBJC_ISA_USAGE = YES_ERROR;
				CLANG_WARN_DOCUMENTATION_COMMENTS = YES;
				CLANG_WARN_EMPTY_BODY = YES;
				CLANG_WARN_ENUM_CONVERSION = YES;
				CLANG_WARN_INFINITE_RECURSION = YES;
				CLANG_WARN_INT_CONVERSION = YES;
				CLANG_WARN_NON_LITERAL_NULL_CONVERSION = YES;
				CLANG_WARN_OBJC_IMPLICIT_RETAIN_SELF = YES;
				CLANG_WARN_OBJC_LITERAL_CONVERSION = YES;
				CLANG_WARN_OBJC_ROOT_CLASS = YES_ERROR;
				CLANG_WARN_QUOTED_INCLUDE_IN_FRAMEWORK_HEADER = YES;
				CLANG_WARN_RANGE_LOOP_ANALYSIS = YES;
				CLANG_WARN_STRICT_PROTOTYPES = YES;
				CLANG_WARN_SUSPICIOUS_MOVE = YES;
				CLANG_WARN_UNGUARDED_AVAILABILITY = YES_AGGRESSIVE;
				CLANG_WARN_UNREACHABLE_CODE = YES;
				CLANG_WARN__DUPLICATE_METHOD_MATCH = YES;
				COPY_PHASE_STRIP = NO;
				DEBUG_INFORMATION_FORMAT = "dwarf-with-dsym";
				ENABLE_NS_ASSERTIONS = NO;
				ENABLE_STRICT_OBJC_MSGSEND = YES;
				GCC_C_LANGUAGE_STANDARD = gnu11;
				GCC_NO_COMMON_BLOCKS = YES;
				GCC_WARN_64_TO_32_BIT_CONVERSION = YES;
				GCC_WARN_ABOUT_RETURN_TYPE = YES_ERROR;
				GCC_WARN_UNDECLARED_SELECTOR = YES;
				GCC_WARN_UNINITIALIZED_AUTOS = YES_AGGRESSIVE;
				GCC_WARN_UNUSED_FUNCTION = YES;
				GCC_WARN_UNUSED_VARIABLE = YES;
				IPHONEOS_DEPLOYMENT_TARGET = 14.5;
				MTL_ENABLE_DEBUG_INFO = NO;
				MTL_FAST_MATH = YES;
				SDKROOT = iphoneos;
				SWIFT_COMPILATION_MODE = wholemodule;
				SWIFT_OPTIMIZATION_LEVEL = "-O";
				VALIDATE_PRODUCT = YES;
			};
			name = Release;
		};
		2691C60726D16B4700A9F4D2 /* Debug */ = {
			isa = XCBuildConfiguration;
			buildSettings = {
				ASSETCATALOG_COMPILER_APPICON_NAME = AppIcon;
				ASSETCATALOG_COMPILER_GLOBAL_ACCENT_COLOR_NAME = AccentColor;
				CODE_SIGN_STYLE = Automatic;
				DEVELOPMENT_ASSET_PATHS = "\"PizzaClassifier/Preview Content\"";
				DEVELOPMENT_TEAM = GCXLS66975;
				ENABLE_PREVIEWS = YES;
				INFOPLIST_FILE = PizzaClassifier/Info.plist;
				IPHONEOS_DEPLOYMENT_TARGET = 14.0;
				LD_RUNPATH_SEARCH_PATHS = (
					"$(inherited)",
					"@executable_path/Frameworks",
				);
				PRODUCT_BUNDLE_IDENTIFIER = dev.mtfum.PizzaClassifier;
				PRODUCT_NAME = "$(TARGET_NAME)";
				SWIFT_VERSION = 5.0;
				TARGETED_DEVICE_FAMILY = "1,2";
			};
			name = Debug;
		};
		2691C60826D16B4700A9F4D2 /* Release */ = {
			isa = XCBuildConfiguration;
			buildSettings = {
				ASSETCATALOG_COMPILER_APPICON_NAME = AppIcon;
				ASSETCATALOG_COMPILER_GLOBAL_ACCENT_COLOR_NAME = AccentColor;
				CODE_SIGN_STYLE = Automatic;
				DEVELOPMENT_ASSET_PATHS = "\"PizzaClassifier/Preview Content\"";
				DEVELOPMENT_TEAM = GCXLS66975;
				ENABLE_PREVIEWS = YES;
				INFOPLIST_FILE = PizzaClassifier/Info.plist;
				IPHONEOS_DEPLOYMENT_TARGET = 14.0;
				LD_RUNPATH_SEARCH_PATHS = (
					"$(inherited)",
					"@executable_path/Frameworks",
				);
				PRODUCT_BUNDLE_IDENTIFIER = dev.mtfum.PizzaClassifier;
				PRODUCT_NAME = "$(TARGET_NAME)";
				SWIFT_VERSION = 5.0;
				TARGETED_DEVICE_FAMILY = "1,2";
			};
			name = Release;
		};
		2691C60A26D16B4700A9F4D2 /* Debug */ = {
			isa = XCBuildConfiguration;
			buildSettings = {
				ALWAYS_EMBED_SWIFT_STANDARD_LIBRARIES = YES;
				BUNDLE_LOADER = "$(TEST_HOST)";
				CODE_SIGN_STYLE = Automatic;
				DEVELOPMENT_TEAM = GCXLS66975;
				INFOPLIST_FILE = PizzaClassifierTests/Info.plist;
				IPHONEOS_DEPLOYMENT_TARGET = 14.0;
				LD_RUNPATH_SEARCH_PATHS = (
					"$(inherited)",
					"@executable_path/Frameworks",
					"@loader_path/Frameworks",
				);
				PRODUCT_BUNDLE_IDENTIFIER = dev.mtfum.PizzaClassifierTests;
				PRODUCT_NAME = "$(TARGET_NAME)";
				SWIFT_VERSION = 5.0;
				TARGETED_DEVICE_FAMILY = "1,2";
				TEST_HOST = "$(BUILT_PRODUCTS_DIR)/PizzaClassifier.app/PizzaClassifier";
			};
			name = Debug;
		};
		2691C60B26D16B4700A9F4D2 /* Release */ = {
			isa = XCBuildConfiguration;
			buildSettings = {
				ALWAYS_EMBED_SWIFT_STANDARD_LIBRARIES = YES;
				BUNDLE_LOADER = "$(TEST_HOST)";
				CODE_SIGN_STYLE = Automatic;
				DEVELOPMENT_TEAM = GCXLS66975;
				INFOPLIST_FILE = PizzaClassifierTests/Info.plist;
				IPHONEOS_DEPLOYMENT_TARGET = 14.0;
				LD_RUNPATH_SEARCH_PATHS = (
					"$(inherited)",
					"@executable_path/Frameworks",
					"@loader_path/Frameworks",
				);
				PRODUCT_BUNDLE_IDENTIFIER = dev.mtfum.PizzaClassifierTests;
				PRODUCT_NAME = "$(TARGET_NAME)";
				SWIFT_VERSION = 5.0;
				TARGETED_DEVICE_FAMILY = "1,2";
				TEST_HOST = "$(BUILT_PRODUCTS_DIR)/PizzaClassifier.app/PizzaClassifier";
			};
			name = Release;
		};
		2691C60D26D16B4700A9F4D2 /* Debug */ = {
			isa = XCBuildConfiguration;
			buildSettings = {
				ALWAYS_EMBED_SWIFT_STANDARD_LIBRARIES = YES;
				CODE_SIGN_STYLE = Automatic;
				DEVELOPMENT_TEAM = GCXLS66975;
				INFOPLIST_FILE = PizzaClassifierUITests/Info.plist;
				LD_RUNPATH_SEARCH_PATHS = (
					"$(inherited)",
					"@executable_path/Frameworks",
					"@loader_path/Frameworks",
				);
				PRODUCT_BUNDLE_IDENTIFIER = dev.mtfum.PizzaClassifierUITests;
				PRODUCT_NAME = "$(TARGET_NAME)";
				SWIFT_VERSION = 5.0;
				TARGETED_DEVICE_FAMILY = "1,2";
				TEST_TARGET_NAME = PizzaClassifier;
			};
			name = Debug;
		};
		2691C60E26D16B4700A9F4D2 /* Release */ = {
			isa = XCBuildConfiguration;
			buildSettings = {
				ALWAYS_EMBED_SWIFT_STANDARD_LIBRARIES = YES;
				CODE_SIGN_STYLE = Automatic;
				DEVELOPMENT_TEAM = GCXLS66975;
				INFOPLIST_FILE = PizzaClassifierUITests/Info.plist;
				LD_RUNPATH_SEARCH_PATHS = (
					"$(inherited)",
					"@executable_path/Frameworks",
					"@loader_path/Frameworks",
				);
				PRODUCT_BUNDLE_IDENTIFIER = dev.mtfum.PizzaClassifierUITests;
				PRODUCT_NAME = "$(TARGET_NAME)";
				SWIFT_VERSION = 5.0;
				TARGETED_DEVICE_FAMILY = "1,2";
				TEST_TARGET_NAME = PizzaClassifier;
			};
			name = Release;
		};
/* End XCBuildConfiguration section */

/* Begin XCConfigurationList section */
		2691C5DC26D16B4700A9F4D2 /* Build configuration list for PBXProject "PizzaClassifier" */ = {
			isa = XCConfigurationList;
			buildConfigurations = (
				2691C60426D16B4700A9F4D2 /* Debug */,
				2691C60526D16B4700A9F4D2 /* Release */,
			);
			defaultConfigurationIsVisible = 0;
			defaultConfigurationName = Release;
		};
		2691C60626D16B4700A9F4D2 /* Build configuration list for PBXNativeTarget "PizzaClassifier" */ = {
			isa = XCConfigurationList;
			buildConfigurations = (
				2691C60726D16B4700A9F4D2 /* Debug */,
				2691C60826D16B4700A9F4D2 /* Release */,
			);
			defaultConfigurationIsVisible = 0;
			defaultConfigurationName = Release;
		};
		2691C60926D16B4700A9F4D2 /* Build configuration list for PBXNativeTarget "PizzaClassifierTests" */ = {
			isa = XCConfigurationList;
			buildConfigurations = (
				2691C60A26D16B4700A9F4D2 /* Debug */,
				2691C60B26D16B4700A9F4D2 /* Release */,
			);
			defaultConfigurationIsVisible = 0;
			defaultConfigurationName = Release;
		};
		2691C60C26D16B4700A9F4D2 /* Build configuration list for PBXNativeTarget "PizzaClassifierUITests" */ = {
			isa = XCConfigurationList;
			buildConfigurations = (
				2691C60D26D16B4700A9F4D2 /* Debug */,
				2691C60E26D16B4700A9F4D2 /* Release */,
			);
			defaultConfigurationIsVisible = 0;
			defaultConfigurationName = Release;
		};
/* End XCConfigurationList section */
	};
	rootObject = 2691C5D926D16B4700A9F4D2 /* Project object */;
}
